// !$*UTF8*$!
{
	archiveVersion = 1;
	classes = {
	};
	objectVersion = 50;
	objects = {

/* Begin PBXBuildFile section */
		2807B802229455240037A003 /* MyCoach in Resources */ = {isa = PBXBuildFile; fileRef = 2807B801229455230037A003 /* MyCoach */; };
		2819ECB622930ACB00ABC4A7 /* ViewController.swift in Sources */ = {isa = PBXBuildFile; fileRef = 2819ECB522930ACB00ABC4A7 /* ViewController.swift */; };
		2825417A2292EB0200A60B1D /* AppDelegate.swift in Sources */ = {isa = PBXBuildFile; fileRef = 282541792292EB0200A60B1D /* AppDelegate.swift */; };
		2825417F2292EB0200A60B1D /* Main.storyboard in Resources */ = {isa = PBXBuildFile; fileRef = 2825417D2292EB0200A60B1D /* Main.storyboard */; };
		282541812292EB0300A60B1D /* Assets.xcassets in Resources */ = {isa = PBXBuildFile; fileRef = 282541802292EB0300A60B1D /* Assets.xcassets */; };
		282541842292EB0300A60B1D /* LaunchScreen.storyboard in Resources */ = {isa = PBXBuildFile; fileRef = 282541822292EB0300A60B1D /* LaunchScreen.storyboard */; };
		2825418C2292FA9900A60B1D /* GoogleService-Info.plist in Resources */ = {isa = PBXBuildFile; fileRef = 2825418B2292FA9900A60B1D /* GoogleService-Info.plist */; };
		66F9A07A1E9378426AF147C0 /* Pods_MyCoach.framework in Frameworks */ = {isa = PBXBuildFile; fileRef = C0F2E7C7D858D8B7612E6C08 /* Pods_MyCoach.framework */; };
/* End PBXBuildFile section */

/* Begin PBXFileReference section */
		2807B801229455230037A003 /* MyCoach */ = {isa = PBXFileReference; lastKnownFileType = folder; name = MyCoach; sourceTree = "<group>"; };
		2819ECB522930ACB00ABC4A7 /* ViewController.swift */ = {isa = PBXFileReference; fileEncoding = 4; lastKnownFileType = sourcecode.swift; name = ViewController.swift; path = ../../ViewController.swift; sourceTree = "<group>"; };
		282541762292EB0200A60B1D /* MyCoach.app */ = {isa = PBXFileReference; explicitFileType = wrapper.application; includeInIndex = 0; path = MyCoach.app; sourceTree = BUILT_PRODUCTS_DIR; };
		282541792292EB0200A60B1D /* AppDelegate.swift */ = {isa = PBXFileReference; lastKnownFileType = sourcecode.swift; path = AppDelegate.swift; sourceTree = "<group>"; };
		2825417E2292EB0200A60B1D /* Base */ = {isa = PBXFileReference; lastKnownFileType = file.storyboard; name = Base; path = Base.lproj/Main.storyboard; sourceTree = "<group>"; };
		282541802292EB0300A60B1D /* Assets.xcassets */ = {isa = PBXFileReference; lastKnownFileType = folder.assetcatalog; path = Assets.xcassets; sourceTree = "<group>"; };
		282541832292EB0300A60B1D /* Base */ = {isa = PBXFileReference; lastKnownFileType = file.storyboard; name = Base; path = Base.lproj/LaunchScreen.storyboard; sourceTree = "<group>"; };
		282541852292EB0300A60B1D /* Info.plist */ = {isa = PBXFileReference; lastKnownFileType = text.plist.xml; path = Info.plist; sourceTree = "<group>"; };
		2825418B2292FA9900A60B1D /* GoogleService-Info.plist */ = {isa = PBXFileReference; fileEncoding = 4; lastKnownFileType = text.plist.xml; name = "GoogleService-Info.plist"; path = "../../GoogleService-Info.plist"; sourceTree = "<group>"; };
		3D5580B0F60DF1FFA1AACC2E /* Pods-MyCoach.debug.xcconfig */ = {isa = PBXFileReference; includeInIndex = 1; lastKnownFileType = text.xcconfig; name = "Pods-MyCoach.debug.xcconfig"; path = "Target Support Files/Pods-MyCoach/Pods-MyCoach.debug.xcconfig"; sourceTree = "<group>"; };
		C0F2E7C7D858D8B7612E6C08 /* Pods_MyCoach.framework */ = {isa = PBXFileReference; explicitFileType = wrapper.framework; includeInIndex = 0; path = Pods_MyCoach.framework; sourceTree = BUILT_PRODUCTS_DIR; };
		DD400AC344C3C150A714361E /* Pods-MyCoach.release.xcconfig */ = {isa = PBXFileReference; includeInIndex = 1; lastKnownFileType = text.xcconfig; name = "Pods-MyCoach.release.xcconfig"; path = "Target Support Files/Pods-MyCoach/Pods-MyCoach.release.xcconfig"; sourceTree = "<group>"; };
/* End PBXFileReference section */

/* Begin PBXFrameworksBuildPhase section */
		282541732292EB0200A60B1D /* Frameworks */ = {
			isa = PBXFrameworksBuildPhase;
			buildActionMask = 2147483647;
			files = (
				66F9A07A1E9378426AF147C0 /* Pods_MyCoach.framework in Frameworks */,
			);
			runOnlyForDeploymentPostprocessing = 0;
		};
/* End PBXFrameworksBuildPhase section */

/* Begin PBXGroup section */
		2825416D2292EB0100A60B1D = {
			isa = PBXGroup;
			children = (
				282541782292EB0200A60B1D /* MyCoach */,
				282541772292EB0200A60B1D /* Products */,
				5E7F7EA8F071CE5FBAAD28E5 /* Pods */,
				5C9DF1232EC681BCF5D386A4 /* Frameworks */,
			);
			sourceTree = "<group>";
		};
		282541772292EB0200A60B1D /* Products */ = {
			isa = PBXGroup;
			children = (
				282541762292EB0200A60B1D /* MyCoach.app */,
			);
			name = Products;
			sourceTree = "<group>";
		};
		282541782292EB0200A60B1D /* MyCoach */ = {
			isa = PBXGroup;
			children = (
				282541792292EB0200A60B1D /* AppDelegate.swift */,
				2819ECB522930ACB00ABC4A7 /* ViewController.swift */,
				2807B801229455230037A003 /* MyCoach */,
				2825417D2292EB0200A60B1D /* Main.storyboard */,
				282541802292EB0300A60B1D /* Assets.xcassets */,
				282541822292EB0300A60B1D /* LaunchScreen.storyboard */,
				2825418B2292FA9900A60B1D /* GoogleService-Info.plist */,
				282541852292EB0300A60B1D /* Info.plist */,
			);
			path = MyCoach;
			sourceTree = "<group>";
		};
		5C9DF1232EC681BCF5D386A4 /* Frameworks */ = {
			isa = PBXGroup;
			children = (
				C0F2E7C7D858D8B7612E6C08 /* Pods_MyCoach.framework */,
			);
			name = Frameworks;
			sourceTree = "<group>";
		};
		5E7F7EA8F071CE5FBAAD28E5 /* Pods */ = {
			isa = PBXGroup;
			children = (
				3D5580B0F60DF1FFA1AACC2E /* Pods-MyCoach.debug.xcconfig */,
				DD400AC344C3C150A714361E /* Pods-MyCoach.release.xcconfig */,
			);
			path = Pods;
			sourceTree = "<group>";
		};
/* End PBXGroup section */

/* Begin PBXNativeTarget section */
		282541752292EB0200A60B1D /* MyCoach */ = {
			isa = PBXNativeTarget;
			buildConfigurationList = 282541882292EB0300A60B1D /* Build configuration list for PBXNativeTarget "MyCoach" */;
			buildPhases = (
				7E66563E102C0ADF6CDF5ECA /* [CP] Check Pods Manifest.lock */,
				282541722292EB0200A60B1D /* Sources */,
				282541732292EB0200A60B1D /* Frameworks */,
				282541742292EB0200A60B1D /* Resources */,
				C25F6F73A4393866A9AAF146 /* [CP] Embed Pods Frameworks */,
			);
			buildRules = (
			);
			dependencies = (
			);
			name = MyCoach;
			productName = MyCoach;
			productReference = 282541762292EB0200A60B1D /* MyCoach.app */;
			productType = "com.apple.product-type.application";
		};
/* End PBXNativeTarget section */

/* Begin PBXProject section */
		2825416E2292EB0100A60B1D /* Project object */ = {
			isa = PBXProject;
			attributes = {
				LastSwiftUpdateCheck = 0940;
				LastUpgradeCheck = 0940;
				ORGANIZATIONNAME = "Isabella Anna Maria Lütken";
				TargetAttributes = {
					282541752292EB0200A60B1D = {
						CreatedOnToolsVersion = 9.4.1;
					};
				};
			};
			buildConfigurationList = 282541712292EB0100A60B1D /* Build configuration list for PBXProject "MyCoach" */;
			compatibilityVersion = "Xcode 9.3";
			developmentRegion = en;
			hasScannedForEncodings = 0;
			knownRegions = (
				en,
				Base,
			);
			mainGroup = 2825416D2292EB0100A60B1D;
			productRefGroup = 282541772292EB0200A60B1D /* Products */;
			projectDirPath = "";
			projectRoot = "";
			targets = (
				282541752292EB0200A60B1D /* MyCoach */,
			);
		};
/* End PBXProject section */

/* Begin PBXResourcesBuildPhase section */
		282541742292EB0200A60B1D /* Resources */ = {
			isa = PBXResourcesBuildPhase;
			buildActionMask = 2147483647;
			files = (
				2807B802229455240037A003 /* MyCoach in Resources */,
				282541842292EB0300A60B1D /* LaunchScreen.storyboard in Resources */,
				2825418C2292FA9900A60B1D /* GoogleService-Info.plist in Resources */,
				282541812292EB0300A60B1D /* Assets.xcassets in Resources */,
				2825417F2292EB0200A60B1D /* Main.storyboard in Resources */,
			);
			runOnlyForDeploymentPostprocessing = 0;
		};
/* End PBXResourcesBuildPhase section */

/* Begin PBXShellScriptBuildPhase section */
		7E66563E102C0ADF6CDF5ECA /* [CP] Check Pods Manifest.lock */ = {
			isa = PBXShellScriptBuildPhase;
			buildActionMask = 2147483647;
			files = (
			);
			inputPaths = (
				"${PODS_PODFILE_DIR_PATH}/Podfile.lock",
				"${PODS_ROOT}/Manifest.lock",
			);
			name = "[CP] Check Pods Manifest.lock";
			outputPaths = (
				"$(DERIVED_FILE_DIR)/Pods-MyCoach-checkManifestLockResult.txt",
			);
			runOnlyForDeploymentPostprocessing = 0;
			shellPath = /bin/sh;
			shellScript = "diff \"${PODS_PODFILE_DIR_PATH}/Podfile.lock\" \"${PODS_ROOT}/Manifest.lock\" > /dev/null\nif [ $? != 0 ] ; then\n    # print error to STDERR\n    echo \"error: The sandbox is not in sync with the Podfile.lock. Run 'pod install' or update your CocoaPods installation.\" >&2\n    exit 1\nfi\n# This output is used by Xcode 'outputs' to avoid re-running this script phase.\necho \"SUCCESS\" > \"${SCRIPT_OUTPUT_FILE_0}\"\n";
			showEnvVarsInLog = 0;
		};
		C25F6F73A4393866A9AAF146 /* [CP] Embed Pods Frameworks */ = {
			isa = PBXShellScriptBuildPhase;
			buildActionMask = 2147483647;
			files = (
			);
			inputPaths = (
				"${PODS_ROOT}/Target Support Files/Pods-MyCoach/Pods-MyCoach-frameworks.sh",
				"${BUILT_PRODUCTS_DIR}/GTMSessionFetcher/GTMSessionFetcher.framework",
				"${BUILT_PRODUCTS_DIR}/GoogleToolboxForMac/GoogleToolboxForMac.framework",
				"${BUILT_PRODUCTS_DIR}/nanopb/nanopb.framework",
			);
			name = "[CP] Embed Pods Frameworks";
			outputPaths = (
				"${TARGET_BUILD_DIR}/${FRAMEWORKS_FOLDER_PATH}/GTMSessionFetcher.framework",
				"${TARGET_BUILD_DIR}/${FRAMEWORKS_FOLDER_PATH}/GoogleToolboxForMac.framework",
				"${TARGET_BUILD_DIR}/${FRAMEWORKS_FOLDER_PATH}/nanopb.framework",
			);
			runOnlyForDeploymentPostprocessing = 0;
			shellPath = /bin/sh;
			shellScript = "\"${PODS_ROOT}/Target Support Files/Pods-MyCoach/Pods-MyCoach-frameworks.sh\"\n";
			showEnvVarsInLog = 0;
		};
/* End PBXShellScriptBuildPhase section */

/* Begin PBXSourcesBuildPhase section */
		282541722292EB0200A60B1D /* Sources */ = {
			isa = PBXSourcesBuildPhase;
			buildActionMask = 2147483647;
			files = (
				2819ECB622930ACB00ABC4A7 /* ViewController.swift in Sources */,
				2825417A2292EB0200A60B1D /* AppDelegate.swift in Sources */,
			);
			runOnlyForDeploymentPostprocessing = 0;
		};
/* End PBXSourcesBuildPhase section */

/* Begin PBXVariantGroup section */
		2825417D2292EB0200A60B1D /* Main.storyboard */ = {
			isa = PBXVariantGroup;
			children = (
				2825417E2292EB0200A60B1D /* Base */,
			);
			name = Main.storyboard;
			sourceTree = "<group>";
		};
		282541822292EB0300A60B1D /* LaunchScreen.storyboard */ = {
			isa = PBXVariantGroup;
			children = (
				282541832292EB0300A60B1D /* Base */,
			);
			name = LaunchScreen.storyboard;
			sourceTree = "<group>";
		};
/* End PBXVariantGroup section */

/* Begin XCBuildConfiguration section */
		282541862292EB0300A60B1D /* Debug */ = {
			isa = XCBuildConfiguration;
			buildSettings = {
				ALWAYS_SEARCH_USER_PATHS = NO;
				CLANG_ANALYZER_NONNULL = YES;
				CLANG_ANALYZER_NUMBER_OBJECT_CONVERSION = YES_AGGRESSIVE;
				CLANG_CXX_LANGUAGE_STANDARD = "gnu++14";
				CLANG_CXX_LIBRARY = "libc++";
				CLANG_ENABLE_MODULES = YES;
				CLANG_ENABLE_OBJC_ARC = YES;
				CLANG_ENABLE_OBJC_WEAK = YES;
				CLANG_WARN_BLOCK_CAPTURE_AUTORELEASING = YES;
				CLANG_WARN_BOOL_CONVERSION = YES;
				CLANG_WARN_COMMA = YES;
				CLANG_WARN_CONSTANT_CONVERSION = YES;
				CLANG_WARN_DEPRECATED_OBJC_IMPLEMENTATIONS = YES;
				CLANG_WARN_DIRECT_OBJC_ISA_USAGE = YES_ERROR;
				CLANG_WARN_DOCUMENTATION_COMMENTS = YES;
				CLANG_WARN_EMPTY_BODY = YES;
				CLANG_WARN_ENUM_CONVERSION = YES;
				CLANG_WARN_INFINITE_RECURSION = YES;
				CLANG_WARN_INT_CONVERSION = YES;
				CLANG_WARN_NON_LITERAL_NULL_CONVERSION = YES;
				CLANG_WARN_OBJC_IMPLICIT_RETAIN_SELF = YES;
				CLANG_WARN_OBJC_LITERAL_CONVERSION = YES;
				CLANG_WARN_OBJC_ROOT_CLASS = YES_ERROR;
				CLANG_WARN_RANGE_LOOP_ANALYSIS = YES;
				CLANG_WARN_STRICT_PROTOTYPES = YES;
				CLANG_WARN_SUSPICIOUS_MOVE = YES;
				CLANG_WARN_UNGUARDED_AVAILABILITY = YES_AGGRESSIVE;
				CLANG_WARN_UNREACHABLE_CODE = YES;
				CLANG_WARN__DUPLICATE_METHOD_MATCH = YES;
				CODE_SIGN_IDENTITY = "iPhone Developer";
				COPY_PHASE_STRIP = NO;
				DEBUG_INFORMATION_FORMAT = dwarf;
				ENABLE_STRICT_OBJC_MSGSEND = YES;
				ENABLE_TESTABILITY = YES;
				GCC_C_LANGUAGE_STANDARD = gnu11;
				GCC_DYNAMIC_NO_PIC = NO;
				GCC_NO_COMMON_BLOCKS = YES;
				GCC_OPTIMIZATION_LEVEL = 0;
				GCC_PREPROCESSOR_DEFINITIONS = (
					"DEBUG=1",
					"$(inherited)",
				);
				GCC_WARN_64_TO_32_BIT_CONVERSION = YES;
				GCC_WARN_ABOUT_RETURN_TYPE = YES_ERROR;
				GCC_WARN_UNDECLARED_SELECTOR = YES;
				GCC_WARN_UNINITIALIZED_AUTOS = YES_AGGRESSIVE;
				GCC_WARN_UNUSED_FUNCTION = YES;
				GCC_WARN_UNUSED_VARIABLE = YES;
				IPHONEOS_DEPLOYMENT_TARGET = 11.4;
				MTL_ENABLE_DEBUG_INFO = YES;
				ONLY_ACTIVE_ARCH = YES;
				SDKROOT = iphoneos;
				SWIFT_ACTIVE_COMPILATION_CONDITIONS = DEBUG;
				SWIFT_OPTIMIZATION_LEVEL = "-Onone";
			};
			name = Debug;
		};
		282541872292EB0300A60B1D /* Release */ = {
			isa = XCBuildConfiguration;
			buildSettings = {
				ALWAYS_SEARCH_USER_PATHS = NO;
				CLANG_ANALYZER_NONNULL = YES;
				CLANG_ANALYZER_NUMBER_OBJECT_CONVERSION = YES_AGGRESSIVE;
				CLANG_CXX_LANGUAGE_STANDARD = "gnu++14";
				CLANG_CXX_LIBRARY = "libc++";
				CLANG_ENABLE_MODULES = YES;
				CLANG_ENABLE_OBJC_ARC = YES;
				CLANG_ENABLE_OBJC_WEAK = YES;
				CLANG_WARN_BLOCK_CAPTURE_AUTORELEASING = YES;
				CLANG_WARN_BOOL_CONVERSION = YES;
				CLANG_WARN_COMMA = YES;
				CLANG_WARN_CONSTANT_CONVERSION = YES;
				CLANG_WARN_DEPRECATED_OBJC_IMPLEMENTATIONS = YES;
				CLANG_WARN_DIRECT_OBJC_ISA_USAGE = YES_ERROR;
				CLANG_WARN_DOCUMENTATION_COMMENTS = YES;
				CLANG_WARN_EMPTY_BODY = YES;
				CLANG_WARN_ENUM_CONVERSION = YES;
				CLANG_WARN_INFINITE_RECURSION = YES;
				CLANG_WARN_INT_CONVERSION = YES;
				CLANG_WARN_NON_LITERAL_NULL_CONVERSION = YES;
				CLANG_WARN_OBJC_IMPLICIT_RETAIN_SELF = YES;
				CLANG_WARN_OBJC_LITERAL_CONVERSION = YES;
				CLANG_WARN_OBJC_ROOT_CLASS = YES_ERROR;
				CLANG_WARN_RANGE_LOOP_ANALYSIS = YES;
				CLANG_WARN_STRICT_PROTOTYPES = YES;
				CLANG_WARN_SUSPICIOUS_MOVE = YES;
				CLANG_WARN_UNGUARDED_AVAILABILITY = YES_AGGRESSIVE;
				CLANG_WARN_UNREACHABLE_CODE = YES;
				CLANG_WARN__DUPLICATE_METHOD_MATCH = YES;
				CODE_SIGN_IDENTITY = "iPhone Developer";
				COPY_PHASE_STRIP = NO;
				DEBUG_INFORMATION_FORMAT = "dwarf-with-dsym";
				ENABLE_NS_ASSERTIONS = NO;
				ENABLE_STRICT_OBJC_MSGSEND = YES;
				GCC_C_LANGUAGE_STANDARD = gnu11;
				GCC_NO_COMMON_BLOCKS = YES;
				GCC_WARN_64_TO_32_BIT_CONVERSION = YES;
				GCC_WARN_ABOUT_RETURN_TYPE = YES_ERROR;
				GCC_WARN_UNDECLARED_SELECTOR = YES;
				GCC_WARN_UNINITIALIZED_AUTOS = YES_AGGRESSIVE;
				GCC_WARN_UNUSED_FUNCTION = YES;
				GCC_WARN_UNUSED_VARIABLE = YES;
				IPHONEOS_DEPLOYMENT_TARGET = 11.4;
				MTL_ENABLE_DEBUG_INFO = NO;
				SDKROOT = iphoneos;
				SWIFT_COMPILATION_MODE = wholemodule;
				SWIFT_OPTIMIZATION_LEVEL = "-O";
				VALIDATE_PRODUCT = YES;
			};
			name = Release;
		};
		282541892292EB0300A60B1D /* Debug */ = {
			isa = XCBuildConfiguration;
			baseConfigurationReference = 3D5580B0F60DF1FFA1AACC2E /* Pods-MyCoach.debug.xcconfig */;
			buildSettings = {
				ASSETCATALOG_COMPILER_APPICON_NAME = AppIcon;
				CODE_SIGN_STYLE = Automatic;
				DEVELOPMENT_TEAM = A987JY2D3T;
				INFOPLIST_FILE = MyCoach/Info.plist;
				LD_RUNPATH_SEARCH_PATHS = (
					"$(inherited)",
					"@executable_path/Frameworks",
				);
				PRODUCT_BUNDLE_IDENTIFIER = GC.MyCoach;
				PRODUCT_NAME = "$(TARGET_NAME)";
				SWIFT_VERSION = 4.0;
				TARGETED_DEVICE_FAMILY = "1,2";
			};
			name = Debug;
		};
		2825418A2292EB0300A60B1D /* Release */ = {
			isa = XCBuildConfiguration;
			baseConfigurationReference = DD400AC344C3C150A714361E /* Pods-MyCoach.release.xcconfig */;
			buildSettings = {
				ASSETCATALOG_COMPILER_APPICON_NAME = AppIcon;
				CODE_SIGN_STYLE = Automatic;
				DEVELOPMENT_TEAM = A987JY2D3T;
				INFOPLIST_FILE = MyCoach/Info.plist;
				LD_RUNPATH_SEARCH_PATHS = (
					"$(inherited)",
					"@executable_path/Frameworks",
				);
				PRODUCT_BUNDLE_IDENTIFIER = GC.MyCoach;
				PRODUCT_NAME = "$(TARGET_NAME)";
				SWIFT_VERSION = 4.0;
				TARGETED_DEVICE_FAMILY = "1,2";
			};
			name = Release;
		};
/* End XCBuildConfiguration section */

/* Begin XCConfigurationList section */
		282541712292EB0100A60B1D /* Build configuration list for PBXProject "MyCoach" */ = {
			isa = XCConfigurationList;
			buildConfigurations = (
				282541862292EB0300A60B1D /* Debug */,
				282541872292EB0300A60B1D /* Release */,
			);
			defaultConfigurationIsVisible = 0;
			defaultConfigurationName = Release;
		};
		282541882292EB0300A60B1D /* Build configuration list for PBXNativeTarget "MyCoach" */ = {
			isa = XCConfigurationList;
			buildConfigurations = (
				282541892292EB0300A60B1D /* Debug */,
				2825418A2292EB0300A60B1D /* Release */,
			);
			defaultConfigurationIsVisible = 0;
			defaultConfigurationName = Release;
		};
/* End XCConfigurationList section */
	};
	rootObject = 2825416E2292EB0100A60B1D /* Project object */;
}
